
Microsoft Visual Studio Solution File, Format Version 12.00
# Visual Studio Version 16
VisualStudioVersion = 16.0.32228.343
MinimumVisualStudioVersion = 10.0.40219.1
Project("{FAE04EC0-301F-11D3-BF4B-00C04F79EFBC}") = "User.API", "User.API\User.API.csproj", "{2EEF4EA6-0842-4477-B7F4-DE347A9CEA28}"
EndProject
Global
	GlobalSection(SolutionConfigurationPlatforms) = preSolution
		Debug|Any CPU = Debug|Any CPU
		Release|Any CPU = Release|Any CPU
	EndGlobalSection
	GlobalSection(ProjectConfigurationPlatforms) = postSolution
		{2EEF4EA6-0842-4477-B7F4-DE347A9CEA28}.Debug|Any CPU.ActiveCfg = Debug|Any CPU
		{2EEF4EA6-0842-4477-B7F4-DE347A9CEA28}.Debug|Any CPU.Build.0 = Debug|Any CPU
		{2EEF4EA6-0842-4477-B7F4-DE347A9CEA28}.Release|Any CPU.ActiveCfg = Release|Any CPU
		{2EEF4EA6-0842-4477-B7F4-DE347A9CEA28}.Release|Any CPU.Build.0 = Release|Any CPU
	EndGlobalSection
	GlobalSection(SolutionProperties) = preSolution
		HideSolutionNode = FALSE
	EndGlobalSection
	GlobalSection(ExtensibilityGlobals) = postSolution
		SolutionGuid = {5591A1B6-0CE5-49DD-BE5E-8055EFCF4AE7}
	EndGlobalSection
EndGlobal
